
Microsoft Visual Studio Solution File, Format Version 12.00
# Visual Studio Version 17
VisualStudioVersion = 17.2.32516.85
MinimumVisualStudioVersion = 10.0.40219.1
Project("{FAE04EC0-301F-11D3-BF4B-00C04F79EFBC}") = "Ejercicos12", "Ejercicos12\Ejercicos12.csproj", "{C253B196-DF3C-40B9-BCCF-F904103E9CDC}"
EndProject
Global
	GlobalSection(SolutionConfigurationPlatforms) = preSolution
		Debug|Any CPU = Debug|Any CPU
		Release|Any CPU = Release|Any CPU
	EndGlobalSection
	GlobalSection(ProjectConfigurationPlatforms) = postSolution
		{C253B196-DF3C-40B9-BCCF-F904103E9CDC}.Debug|Any CPU.ActiveCfg = Debug|Any CPU
		{C253B196-DF3C-40B9-BCCF-F904103E9CDC}.Debug|Any CPU.Build.0 = Debug|Any CPU
		{C253B196-DF3C-40B9-BCCF-F904103E9CDC}.Release|Any CPU.ActiveCfg = Release|Any CPU
		{C253B196-DF3C-40B9-BCCF-F904103E9CDC}.Release|Any CPU.Build.0 = Release|Any CPU
	EndGlobalSection
	GlobalSection(SolutionProperties) = preSolution
		HideSolutionNode = FALSE
	EndGlobalSection
	GlobalSection(ExtensibilityGlobals) = postSolution
		SolutionGuid = {EDC10FDD-4059-4084-B94B-0762489893D2}
	EndGlobalSection
EndGlobal
